
Microsoft Visual Studio Solution File, Format Version 12.00
# Visual Studio Version 16
VisualStudioVersion = 16.0.29020.237
MinimumVisualStudioVersion = 10.0.40219.1
Project("{9A19103F-16F7-4668-BE54-9A1E7A4F7556}") = "Optional", "Optional\Optional.csproj", "{74343FF3-FC04-47F2-85CF-77E22B04C86C}"
EndProject
Project("{FAE04EC0-301F-11D3-BF4B-00C04F79EFBC}") = "Optional.Tests", "Optional.Tests\Optional.Tests.csproj", "{7000CC1F-A0E5-41C5-946B-27AD51ACBB58}"
EndProject
Global
	GlobalSection(SolutionConfigurationPlatforms) = preSolution
		Debug|Any CPU = Debug|Any CPU
		Release|Any CPU = Release|Any CPU
	EndGlobalSection
	GlobalSection(ProjectConfigurationPlatforms) = postSolution
		{74343FF3-FC04-47F2-85CF-77E22B04C86C}.Debug|Any CPU.ActiveCfg = Debug|Any CPU
		{74343FF3-FC04-47F2-85CF-77E22B04C86C}.Debug|Any CPU.Build.0 = Debug|Any CPU
		{74343FF3-FC04-47F2-85CF-77E22B04C86C}.Release|Any CPU.ActiveCfg = Release|Any CPU
		{74343FF3-FC04-47F2-85CF-77E22B04C86C}.Release|Any CPU.Build.0 = Release|Any CPU
		{7000CC1F-A0E5-41C5-946B-27AD51ACBB58}.Debug|Any CPU.ActiveCfg = Debug|Any CPU
		{7000CC1F-A0E5-41C5-946B-27AD51ACBB58}.Debug|Any CPU.Build.0 = Debug|Any CPU
		{7000CC1F-A0E5-41C5-946B-27AD51ACBB58}.Release|Any CPU.ActiveCfg = Release|Any CPU
		{7000CC1F-A0E5-41C5-946B-27AD51ACBB58}.Release|Any CPU.Build.0 = Release|Any CPU
	EndGlobalSection
	GlobalSection(SolutionProperties) = preSolution
		HideSolutionNode = FALSE
	EndGlobalSection
	GlobalSection(ExtensibilityGlobals) = postSolution
		SolutionGuid = {8D30F1BF-FFF1-4C7F-A039-2A18776B6BBC}
	EndGlobalSection
EndGlobal
